{
    "name": "roon-extension-dynaudio-volume",
    "version": "1.0.0",
    "lockfileVersion": 1,
    "requires": true,
    "dependencies": {
        "generic-pool": {
            "version": "3.2.0",
            "resolved": "https://registry.npmjs.org/generic-pool/-/generic-pool-3.2.0.tgz",
            "integrity": "sha512-JjcXDHT84icN/kFaF5+rNd1trZsgJFVqTSgM9dv6eayxSIQKMq0ilBJ+5pvf0SgimacMlZEsav4oL+4dUE4E2g=="
        },
        "ip": {
            "version": "1.1.5",
            "resolved": "https://registry.npmjs.org/ip/-/ip-1.1.5.tgz",
            "integrity": "sha1-vd7XARQpCCjAoDnnLvJfWq7ENUo="
        },
        "node-roon-api": {
            "version": "github:roonlabs/node-roon-api#caca92e99fd6becfc97761d32333cf4cd914b438",
            "requires": {
                "ip": "1.1.5",
                "node-uuid": "1.4.8",
                "ws": "1.1.4"
            }
        },
        "node-roon-api-volume-control": {
            "version": "github:roonlabs/node-roon-api-volume-control#e3e012b2376b87a5af82c10cc5cc9f4a53e2907a"
        },
        "node-uuid": {
            "version": "1.4.8",
            "resolved": "https://registry.npmjs.org/node-uuid/-/node-uuid-1.4.8.tgz",
            "integrity": "sha1-sEDrCSOWivq/jTL7HxfxFn/auQc="
        },
        "options": {
            "version": "0.0.6",
            "resolved": "https://registry.npmjs.org/options/-/options-0.0.6.tgz",
            "integrity": "sha1-7CLTEoBrtT5zF3Pnza788cZDEo8="
        },
        "ultron": {
            "version": "1.0.2",
            "resolved": "https://registry.npmjs.org/ultron/-/ultron-1.0.2.tgz",
            "integrity": "sha1-rOEWq1V80Zc4ak6I9GhTeMiy5Po="
        },
        "ws": {
            "version": "1.1.4",
            "resolved": "https://registry.npmjs.org/ws/-/ws-1.1.4.tgz",
            "integrity": "sha1-V/QNA2gy5fUFVmKjl8Tedu1mv2E=",
            "requires": {
                "options": "0.0.6",
                "ultron": "1.0.2"
            }
        }
    }
}
