{
    "name": "roon-extension-dynaudio",
    "version": "1.0.0",
    "lockfileVersion": 1,
    "requires": true,
    "dependencies": {
        "generic-pool": {
            "version": "3.4.2",
            "resolved": "https://registry.npmjs.org/generic-pool/-/generic-pool-3.4.2.tgz",
            "integrity": "sha512-H7cUpwCQSiJmAHM4c/aFu6fUfrhWXW1ncyh8ftxEPMu6AiYkHw9K8br720TGPZJbk5eOH2bynjZD1yPvdDAmag=="
        },
        "ip": {
            "version": "1.1.5",
            "resolved": "https://registry.npmjs.org/ip/-/ip-1.1.5.tgz",
            "integrity": "sha1-vd7XARQpCCjAoDnnLvJfWq7ENUo="
        },
        "node-roon-api": {
            "version": "github:roonlabs/node-roon-api#ae365a60b33b272e26dfedc599b42e4116568874",
            "requires": {
                "ip": "1.1.5",
                "node-uuid": "1.4.8",
                "ws": "1.1.5"
            }
        },
        "node-roon-api-settings": {
            "version": "github:roonlabs/node-roon-api-settings#67cd8ca156c5bcd01ea63833ceaaec6d6a79654d"
        },
        "node-roon-api-volume-control": {
            "version": "github:roonlabs/node-roon-api-volume-control#73ce2943c6956202d2fbd1d6a5bbd0e539309aa2"
        },
        "node-uuid": {
            "version": "1.4.8",
            "resolved": "https://registry.npmjs.org/node-uuid/-/node-uuid-1.4.8.tgz",
            "integrity": "sha1-sEDrCSOWivq/jTL7HxfxFn/auQc="
        },
        "options": {
            "version": "0.0.6",
            "resolved": "https://registry.npmjs.org/options/-/options-0.0.6.tgz",
            "integrity": "sha1-7CLTEoBrtT5zF3Pnza788cZDEo8="
        },
        "ultron": {
            "version": "1.0.2",
            "resolved": "https://registry.npmjs.org/ultron/-/ultron-1.0.2.tgz",
            "integrity": "sha1-rOEWq1V80Zc4ak6I9GhTeMiy5Po="
        },
        "ws": {
            "version": "1.1.5",
            "resolved": "https://registry.npmjs.org/ws/-/ws-1.1.5.tgz",
            "integrity": "sha512-o3KqipXNUdS7wpQzBHSe180lBGO60SoK0yVo3CYJgb2MkobuWuBX6dhkYP5ORCLd55y+SaflMOV5fqAB53ux4w==",
            "requires": {
                "options": "0.0.6",
                "ultron": "1.0.2"
            }
        }
    }
}
